
Microsoft Visual Studio Solution File, Format Version 10.00
# Visual Studio 2008
Project("{FAE04EC0-301F-11D3-BF4B-00C04F79EFBC}") = "KiemTra", "KiemTra\KiemTra.csproj", "{B9D379AB-8E27-4639-95AD-1E3F97F1FDB8}"
EndProject
Global
	GlobalSection(SolutionConfigurationPlatforms) = preSolution
		Debug|Any CPU = Debug|Any CPU
		Release|Any CPU = Release|Any CPU
	EndGlobalSection
	GlobalSection(ProjectConfigurationPlatforms) = postSolution
		{B9D379AB-8E27-4639-95AD-1E3F97F1FDB8}.Debug|Any CPU.ActiveCfg = Debug|Any CPU
		{B9D379AB-8E27-4639-95AD-1E3F97F1FDB8}.Debug|Any CPU.Build.0 = Debug|Any CPU
		{B9D379AB-8E27-4639-95AD-1E3F97F1FDB8}.Release|Any CPU.ActiveCfg = Release|Any CPU
		{B9D379AB-8E27-4639-95AD-1E3F97F1FDB8}.Release|Any CPU.Build.0 = Release|Any CPU
	EndGlobalSection
	GlobalSection(SolutionProperties) = preSolution
		HideSolutionNode = FALSE
	EndGlobalSection
EndGlobal
